
Microsoft Visual Studio Solution File, Format Version 12.00
# Visual Studio Version 17
VisualStudioVersion = 17.1.32319.34
MinimumVisualStudioVersion = 10.0.40219.1
Project("{FAE04EC0-301F-11D3-BF4B-00C04F79EFBC}") = "1A2B 猜數字", "1A2B 猜數字\1A2B 猜數字.csproj", "{31F2C119-D880-42EE-8D09-C8FAAA99D497}"
EndProject
Global
	GlobalSection(SolutionConfigurationPlatforms) = preSolution
		Debug|Any CPU = Debug|Any CPU
		Release|Any CPU = Release|Any CPU
	EndGlobalSection
	GlobalSection(ProjectConfigurationPlatforms) = postSolution
		{31F2C119-D880-42EE-8D09-C8FAAA99D497}.Debug|Any CPU.ActiveCfg = Debug|Any CPU
		{31F2C119-D880-42EE-8D09-C8FAAA99D497}.Debug|Any CPU.Build.0 = Debug|Any CPU
		{31F2C119-D880-42EE-8D09-C8FAAA99D497}.Release|Any CPU.ActiveCfg = Release|Any CPU
		{31F2C119-D880-42EE-8D09-C8FAAA99D497}.Release|Any CPU.Build.0 = Release|Any CPU
	EndGlobalSection
	GlobalSection(SolutionProperties) = preSolution
		HideSolutionNode = FALSE
	EndGlobalSection
	GlobalSection(ExtensibilityGlobals) = postSolution
		SolutionGuid = {0E48F3E8-3516-41A0-9F6F-4A0886A14628}
	EndGlobalSection
EndGlobal
